Microsoft Visual Studio Solution File, Format Version 12.00
# Visual Studio Version 17
VisualStudioVersion = 17.5.2.0
MinimumVisualStudioVersion = 10.0.40219.1
Project("{FAE04EC0-301F-11D3-BF4B-00C04F79EFBC}") = "Sinav-Analiz-Sistemi", "Sinav-Analiz-Sistemi.csproj", "{FAF0E577-4979-9041-4480-AECBC09B074A}"
EndProject
Global
	GlobalSection(SolutionConfigurationPlatforms) = preSolution
		Debug|Any CPU = Debug|Any CPU
		Release|Any CPU = Release|Any CPU
	EndGlobalSection
	GlobalSection(ProjectConfigurationPlatforms) = postSolution
		{FAF0E577-4979-9041-4480-AECBC09B074A}.Debug|Any CPU.ActiveCfg = Debug|Any CPU
		{FAF0E577-4979-9041-4480-AECBC09B074A}.Debug|Any CPU.Build.0 = Debug|Any CPU
		{FAF0E577-4979-9041-4480-AECBC09B074A}.Release|Any CPU.ActiveCfg = Release|Any CPU
		{FAF0E577-4979-9041-4480-AECBC09B074A}.Release|Any CPU.Build.0 = Release|Any CPU
	EndGlobalSection
	GlobalSection(SolutionProperties) = preSolution
		HideSolutionNode = FALSE
	EndGlobalSection
	GlobalSection(ExtensibilityGlobals) = postSolution
		SolutionGuid = {2A1B9CDB-3467-44EC-A334-BE8CCD912DD0}
	EndGlobalSection
EndGlobal
